
Microsoft Visual Studio Solution File, Format Version 12.00
# Visual Studio 15
VisualStudioVersion = 15.0.28307.645
MinimumVisualStudioVersion = 10.0.40219.1
Project("{FAE04EC0-301F-11D3-BF4B-00C04F79EFBC}") = "CommandDispatcherDemo", "CommandDispatcherDemo\CommandDispatcherDemo.csproj", "{B75B4502-30CF-421E-AC37-E5E9B8E57259}"
EndProject
Global
	GlobalSection(SolutionConfigurationPlatforms) = preSolution
		Debug|Any CPU = Debug|Any CPU
		Release|Any CPU = Release|Any CPU
	EndGlobalSection
	GlobalSection(ProjectConfigurationPlatforms) = postSolution
		{B75B4502-30CF-421E-AC37-E5E9B8E57259}.Debug|Any CPU.ActiveCfg = Debug|Any CPU
		{B75B4502-30CF-421E-AC37-E5E9B8E57259}.Debug|Any CPU.Build.0 = Debug|Any CPU
		{B75B4502-30CF-421E-AC37-E5E9B8E57259}.Release|Any CPU.ActiveCfg = Release|Any CPU
		{B75B4502-30CF-421E-AC37-E5E9B8E57259}.Release|Any CPU.Build.0 = Release|Any CPU
	EndGlobalSection
	GlobalSection(SolutionProperties) = preSolution
		HideSolutionNode = FALSE
	EndGlobalSection
	GlobalSection(ExtensibilityGlobals) = postSolution
		SolutionGuid = {C03FC408-4F79-4EDF-84FB-57135169B5A9}
	EndGlobalSection
EndGlobal
